
Microsoft Visual Studio Solution File, Format Version 12.00
# Visual Studio Version 17
VisualStudioVersion = 17.9.34714.143
MinimumVisualStudioVersion = 10.0.40219.1
Project("{FAE04EC0-301F-11D3-BF4B-00C04F79EFBC}") = "IDMClone", "IDMClone\IDMClone.csproj", "{F2382A7C-9197-4A26-A7B0-C64F81459302}"
EndProject
Global
	GlobalSection(SolutionConfigurationPlatforms) = preSolution
		Debug|Any CPU = Debug|Any CPU
		Release|Any CPU = Release|Any CPU
	EndGlobalSection
	GlobalSection(ProjectConfigurationPlatforms) = postSolution
		{F2382A7C-9197-4A26-A7B0-C64F81459302}.Debug|Any CPU.ActiveCfg = Debug|Any CPU
		{F2382A7C-9197-4A26-A7B0-C64F81459302}.Debug|Any CPU.Build.0 = Debug|Any CPU
		{F2382A7C-9197-4A26-A7B0-C64F81459302}.Release|Any CPU.ActiveCfg = Release|Any CPU
		{F2382A7C-9197-4A26-A7B0-C64F81459302}.Release|Any CPU.Build.0 = Release|Any CPU
	EndGlobalSection
	GlobalSection(SolutionProperties) = preSolution
		HideSolutionNode = FALSE
	EndGlobalSection
	GlobalSection(ExtensibilityGlobals) = postSolution
		SolutionGuid = {ABD17BE8-5340-4B2E-93D0-138FCD242BD6}
	EndGlobalSection
EndGlobal
